
Microsoft Visual Studio Solution File, Format Version 12.00
# Visual Studio Version 17
VisualStudioVersion = 17.5.33502.453
MinimumVisualStudioVersion = 10.0.40219.1
Project("{9A19103F-16F7-4668-BE54-9A1E7A4F7556}") = "Speechtotext", "Speechtotext\Speechtotext.csproj", "{A3F1B82D-A8DD-4FA7-B24D-64F8CC72A126}"
EndProject
Project("{9A19103F-16F7-4668-BE54-9A1E7A4F7556}") = "webhookreceiver", "webhookreceiver\webhookreceiver.csproj", "{67540E69-6BA6-431B-9E14-614CB8A92674}"
EndProject
Project("{FAE04EC0-301F-11D3-BF4B-00C04F79EFBC}") = "batchclient", "batchclient\batchclient.csproj", "{02FF896F-8F75-4A55-A7ED-09D7A750BFC3}"
EndProject
Global
	GlobalSection(SolutionConfigurationPlatforms) = preSolution
		Debug|Any CPU = Debug|Any CPU
		Release|Any CPU = Release|Any CPU
	EndGlobalSection
	GlobalSection(ProjectConfigurationPlatforms) = postSolution
		{A3F1B82D-A8DD-4FA7-B24D-64F8CC72A126}.Debug|Any CPU.ActiveCfg = Debug|Any CPU
		{A3F1B82D-A8DD-4FA7-B24D-64F8CC72A126}.Debug|Any CPU.Build.0 = Debug|Any CPU
		{A3F1B82D-A8DD-4FA7-B24D-64F8CC72A126}.Release|Any CPU.ActiveCfg = Release|Any CPU
		{A3F1B82D-A8DD-4FA7-B24D-64F8CC72A126}.Release|Any CPU.Build.0 = Release|Any CPU
		{67540E69-6BA6-431B-9E14-614CB8A92674}.Debug|Any CPU.ActiveCfg = Debug|Any CPU
		{67540E69-6BA6-431B-9E14-614CB8A92674}.Debug|Any CPU.Build.0 = Debug|Any CPU
		{67540E69-6BA6-431B-9E14-614CB8A92674}.Release|Any CPU.ActiveCfg = Release|Any CPU
		{67540E69-6BA6-431B-9E14-614CB8A92674}.Release|Any CPU.Build.0 = Release|Any CPU
		{02FF896F-8F75-4A55-A7ED-09D7A750BFC3}.Debug|Any CPU.ActiveCfg = Debug|Any CPU
		{02FF896F-8F75-4A55-A7ED-09D7A750BFC3}.Debug|Any CPU.Build.0 = Debug|Any CPU
		{02FF896F-8F75-4A55-A7ED-09D7A750BFC3}.Release|Any CPU.ActiveCfg = Release|Any CPU
		{02FF896F-8F75-4A55-A7ED-09D7A750BFC3}.Release|Any CPU.Build.0 = Release|Any CPU
	EndGlobalSection
	GlobalSection(SolutionProperties) = preSolution
		HideSolutionNode = FALSE
	EndGlobalSection
	GlobalSection(ExtensibilityGlobals) = postSolution
		SolutionGuid = {B8CAECF9-ABCE-4D21-B461-B635968A1FFE}
	EndGlobalSection
EndGlobal
